// !$*UTF8*$!
{
	archiveVersion = 1;
	classes = {
	};
	objectVersion = 56;
	objects = {

/* Begin PBXBuildFile section */
		599478052D40E906009C2BF7 /* LFS_DemoApp.swift in Sources */ = {isa = PBXBuildFile; fileRef = 599478042D40E906009C2BF7 /* LFS_DemoApp.swift */; };
		599478072D40E906009C2BF7 /* ContentView.swift in Sources */ = {isa = PBXBuildFile; fileRef = 599478062D40E906009C2BF7 /* ContentView.swift */; };
		599478092D40E908009C2BF7 /* Assets.xcassets in Resources */ = {isa = PBXBuildFile; fileRef = 599478082D40E908009C2BF7 /* Assets.xcassets */; };
		5994780C2D40E908009C2BF7 /* Preview Assets.xcassets in Resources */ = {isa = PBXBuildFile; fileRef = 5994780B2D40E908009C2BF7 /* Preview Assets.xcassets */; };
		599478162D40E908009C2BF7 /* LFS_DemoTests.swift in Sources */ = {isa = PBXBuildFile; fileRef = 599478152D40E908009C2BF7 /* LFS_DemoTests.swift */; };
		599478202D40E908009C2BF7 /* LFS_DemoUITests.swift in Sources */ = {isa = PBXBuildFile; fileRef = 5994781F2D40E908009C2BF7 /* LFS_DemoUITests.swift */; };
		599478222D40E908009C2BF7 /* LFS_DemoUITestsLaunchTests.swift in Sources */ = {isa = PBXBuildFile; fileRef = 599478212D40E908009C2BF7 /* LFS_DemoUITestsLaunchTests.swift */; };
		5994786F2D40ECA3009C2BF7 /* ImportedSegment.756208390.440992 2.mov in Resources */ = {isa = PBXBuildFile; fileRef = 5994782F2D40ECA3009C2BF7 /* ImportedSegment.756208390.440992 2.mov */; };
		599478702D40ECA3009C2BF7 /* ImportedSegment.756208390.440992 3.mov in Resources */ = {isa = PBXBuildFile; fileRef = 599478302D40ECA3009C2BF7 /* ImportedSegment.756208390.440992 3.mov */; };
		599478712D40ECA3009C2BF7 /* ImportedSegment.756208390.440992 59.mov in Resources */ = {isa = PBXBuildFile; fileRef = 599478312D40ECA3009C2BF7 /* ImportedSegment.756208390.440992 59.mov */; };
		599478722D40ECA3009C2BF7 /* ImportedSegment.756208390.440992 58.mov in Resources */ = {isa = PBXBuildFile; fileRef = 599478322D40ECA3009C2BF7 /* ImportedSegment.756208390.440992 58.mov */; };
		599478732D40ECA3009C2BF7 /* ImportedSegment.756208390.440992 64.mov in Resources */ = {isa = PBXBuildFile; fileRef = 599478332D40ECA3009C2BF7 /* ImportedSegment.756208390.440992 64.mov */; };
		599478742D40ECA3009C2BF7 /* ImportedSegment.756208390.440992 4.mov in Resources */ = {isa = PBXBuildFile; fileRef = 599478342D40ECA3009C2BF7 /* ImportedSegment.756208390.440992 4.mov */; };
		599478752D40ECA3009C2BF7 /* ImportedSegment.756208390.440992 48.mov in Resources */ = {isa = PBXBuildFile; fileRef = 599478352D40ECA3009C2BF7 /* ImportedSegment.756208390.440992 48.mov */; };
		599478762D40ECA3009C2BF7 /* ImportedSegment.756208390.440992 60.mov in Resources */ = {isa = PBXBuildFile; fileRef = 599478362D40ECA3009C2BF7 /* ImportedSegment.756208390.440992 60.mov */; };
		599478772D40ECA3009C2BF7 /* ImportedSegment.756208390.440992 61.mov in Resources */ = {isa = PBXBuildFile; fileRef = 599478372D40ECA3009C2BF7 /* ImportedSegment.756208390.440992 61.mov */; };
		599478782D40ECA3009C2BF7 /* ImportedSegment.756208390.440992 49.mov in Resources */ = {isa = PBXBuildFile; fileRef = 599478382D40ECA3009C2BF7 /* ImportedSegment.756208390.440992 49.mov */; };
		599478792D40ECA3009C2BF7 /* ImportedSegment.756208390.440992 5.mov in Resources */ = {isa = PBXBuildFile; fileRef = 599478392D40ECA3009C2BF7 /* ImportedSegment.756208390.440992 5.mov */; };
		5994787A2D40ECA3009C2BF7 /* ImportedSegment.756208390.440992 7.mov in Resources */ = {isa = PBXBuildFile; fileRef = 5994783A2D40ECA3009C2BF7 /* ImportedSegment.756208390.440992 7.mov */; };
		5994787B2D40ECA3009C2BF7 /* ImportedSegment.756208390.440992 63.mov in Resources */ = {isa = PBXBuildFile; fileRef = 5994783B2D40ECA3009C2BF7 /* ImportedSegment.756208390.440992 63.mov */; };
		5994787C2D40ECA3009C2BF7 /* ImportedSegment.756208390.440992 62.mov in Resources */ = {isa = PBXBuildFile; fileRef = 5994783C2D40ECA3009C2BF7 /* ImportedSegment.756208390.440992 62.mov */; };
		5994787D2D40ECA3009C2BF7 /* ImportedSegment.756208390.440992 6.mov in Resources */ = {isa = PBXBuildFile; fileRef = 5994783D2D40ECA3009C2BF7 /* ImportedSegment.756208390.440992 6.mov */; };
		5994787E2D40ECA3009C2BF7 /* ImportedSegment.756208390.440992 11.mov in Resources */ = {isa = PBXBuildFile; fileRef = 5994783E2D40ECA3009C2BF7 /* ImportedSegment.756208390.440992 11.mov */; };
		5994787F2D40ECA3009C2BF7 /* ImportedSegment.756208390.440992 39.mov in Resources */ = {isa = PBXBuildFile; fileRef = 5994783F2D40ECA3009C2BF7 /* ImportedSegment.756208390.440992 39.mov */; };
		599478802D40ECA3009C2BF7 /* ImportedSegment.756208390.440992 38.mov in Resources */ = {isa = PBXBuildFile; fileRef = 599478402D40ECA3009C2BF7 /* ImportedSegment.756208390.440992 38.mov */; };
		599478812D40ECA3009C2BF7 /* ImportedSegment.756208390.440992 10.mov in Resources */ = {isa = PBXBuildFile; fileRef = 599478412D40ECA3009C2BF7 /* ImportedSegment.756208390.440992 10.mov */; };
		599478822D40ECA3009C2BF7 /* ImportedSegment.756208390.440992 12.mov in Resources */ = {isa = PBXBuildFile; fileRef = 599478422D40ECA3009C2BF7 /* ImportedSegment.756208390.440992 12.mov */; };
		599478832D40ECA3009C2BF7 /* ImportedSegment.756208390.440992.mov in Resources */ = {isa = PBXBuildFile; fileRef = 599478432D40ECA3009C2BF7 /* ImportedSegment.756208390.440992.mov */; };
		599478842D40ECA3009C2BF7 /* ImportedSegment.756208390.440992 13.mov in Resources */ = {isa = PBXBuildFile; fileRef = 599478442D40ECA3009C2BF7 /* ImportedSegment.756208390.440992 13.mov */; };
		599478852D40ECA3009C2BF7 /* ImportedSegment.756208390.440992 17.mov in Resources */ = {isa = PBXBuildFile; fileRef = 599478452D40ECA3009C2BF7 /* ImportedSegment.756208390.440992 17.mov */; };
		599478862D40ECA3009C2BF7 /* ImportedSegment.756208390.440992 16.mov in Resources */ = {isa = PBXBuildFile; fileRef = 599478462D40ECA3009C2BF7 /* ImportedSegment.756208390.440992 16.mov */; };
		599478872D40ECA3009C2BF7 /* ImportedSegment.756208390.440992 28.mov in Resources */ = {isa = PBXBuildFile; fileRef = 599478472D40ECA3009C2BF7 /* ImportedSegment.756208390.440992 28.mov */; };
		599478882D40ECA3009C2BF7 /* ImportedSegment.756208390.440992 14.mov in Resources */ = {isa = PBXBuildFile; fileRef = 599478482D40ECA3009C2BF7 /* ImportedSegment.756208390.440992 14.mov */; };
		599478892D40ECA4009C2BF7 /* ImportedSegment.756208390.440992 15.mov in Resources */ = {isa = PBXBuildFile; fileRef = 599478492D40ECA3009C2BF7 /* ImportedSegment.756208390.440992 15.mov */; };
		5994788A2D40ECA4009C2BF7 /* ImportedSegment.756208390.440992 29.mov in Resources */ = {isa = PBXBuildFile; fileRef = 5994784A2D40ECA3009C2BF7 /* ImportedSegment.756208390.440992 29.mov */; };
		5994788B2D40ECA4009C2BF7 /* ImportedSegment.756208390.440992 24.mov in Resources */ = {isa = PBXBuildFile; fileRef = 5994784B2D40ECA3009C2BF7 /* ImportedSegment.756208390.440992 24.mov */; };
		5994788C2D40ECA4009C2BF7 /* ImportedSegment.756208390.440992 30.mov in Resources */ = {isa = PBXBuildFile; fileRef = 5994784C2D40ECA3009C2BF7 /* ImportedSegment.756208390.440992 30.mov */; };
		5994788D2D40ECA4009C2BF7 /* ImportedSegment.756208390.440992 18.mov in Resources */ = {isa = PBXBuildFile; fileRef = 5994784D2D40ECA3009C2BF7 /* ImportedSegment.756208390.440992 18.mov */; };
		5994788E2D40ECA4009C2BF7 /* ImportedSegment.756208390.440992 19.mov in Resources */ = {isa = PBXBuildFile; fileRef = 5994784E2D40ECA3009C2BF7 /* ImportedSegment.756208390.440992 19.mov */; };
		5994788F2D40ECA4009C2BF7 /* ImportedSegment.756208390.440992 31.mov in Resources */ = {isa = PBXBuildFile; fileRef = 5994784F2D40ECA3009C2BF7 /* ImportedSegment.756208390.440992 31.mov */; };
		599478902D40ECA4009C2BF7 /* ImportedSegment.756208390.440992 25.mov in Resources */ = {isa = PBXBuildFile; fileRef = 599478502D40ECA3009C2BF7 /* ImportedSegment.756208390.440992 25.mov */; };
		599478912D40ECA4009C2BF7 /* ImportedSegment.756208390.440992 33.mov in Resources */ = {isa = PBXBuildFile; fileRef = 599478512D40ECA3009C2BF7 /* ImportedSegment.756208390.440992 33.mov */; };
		599478922D40ECA4009C2BF7 /* ImportedSegment.756208390.440992 27.mov in Resources */ = {isa = PBXBuildFile; fileRef = 599478522D40ECA3009C2BF7 /* ImportedSegment.756208390.440992 27.mov */; };
		599478932D40ECA4009C2BF7 /* ImportedSegment.756208390.440992 26.mov in Resources */ = {isa = PBXBuildFile; fileRef = 599478532D40ECA3009C2BF7 /* ImportedSegment.756208390.440992 26.mov */; };
		599478942D40ECA4009C2BF7 /* ImportedSegment.756208390.440992 32.mov in Resources */ = {isa = PBXBuildFile; fileRef = 599478542D40ECA3009C2BF7 /* ImportedSegment.756208390.440992 32.mov */; };
		599478952D40ECA4009C2BF7 /* ImportedSegment.756208390.440992 36.mov in Resources */ = {isa = PBXBuildFile; fileRef = 599478552D40ECA3009C2BF7 /* ImportedSegment.756208390.440992 36.mov */; };
		599478962D40ECA4009C2BF7 /* ImportedSegment.756208390.440992 22.mov in Resources */ = {isa = PBXBuildFile; fileRef = 599478562D40ECA3009C2BF7 /* ImportedSegment.756208390.440992 22.mov */; };
		599478972D40ECA4009C2BF7 /* ImportedSegment.756208390.440992 23.mov in Resources */ = {isa = PBXBuildFile; fileRef = 599478572D40ECA3009C2BF7 /* ImportedSegment.756208390.440992 23.mov */; };
		599478982D40ECA4009C2BF7 /* ImportedSegment.756208390.440992 37.mov in Resources */ = {isa = PBXBuildFile; fileRef = 599478582D40ECA3009C2BF7 /* ImportedSegment.756208390.440992 37.mov */; };
		599478992D40ECA4009C2BF7 /* ImportedSegment.756208390.440992 21.mov in Resources */ = {isa = PBXBuildFile; fileRef = 599478592D40ECA3009C2BF7 /* ImportedSegment.756208390.440992 21.mov */; };
		5994789A2D40ECA4009C2BF7 /* ImportedSegment.756208390.440992 35.mov in Resources */ = {isa = PBXBuildFile; fileRef = 5994785A2D40ECA3009C2BF7 /* ImportedSegment.756208390.440992 35.mov */; };
		5994789B2D40ECA4009C2BF7 /* ImportedSegment.756208390.440992 34.mov in Resources */ = {isa = PBXBuildFile; fileRef = 5994785B2D40ECA3009C2BF7 /* ImportedSegment.756208390.440992 34.mov */; };
		5994789C2D40ECA4009C2BF7 /* ImportedSegment.756208390.440992 20.mov in Resources */ = {isa = PBXBuildFile; fileRef = 5994785C2D40ECA3009C2BF7 /* ImportedSegment.756208390.440992 20.mov */; };
		5994789D2D40ECA4009C2BF7 /* ImportedSegment.756208390.440992 47.mov in Resources */ = {isa = PBXBuildFile; fileRef = 5994785D2D40ECA3009C2BF7 /* ImportedSegment.756208390.440992 47.mov */; };
		5994789E2D40ECA4009C2BF7 /* ImportedSegment.756208390.440992 53.mov in Resources */ = {isa = PBXBuildFile; fileRef = 5994785E2D40ECA3009C2BF7 /* ImportedSegment.756208390.440992 53.mov */; };
		5994789F2D40ECA4009C2BF7 /* ImportedSegment.756208390.440992 52.mov in Resources */ = {isa = PBXBuildFile; fileRef = 5994785F2D40ECA3009C2BF7 /* ImportedSegment.756208390.440992 52.mov */; };
		599478A02D40ECA4009C2BF7 /* ImportedSegment.756208390.440992 46.mov in Resources */ = {isa = PBXBuildFile; fileRef = 599478602D40ECA3009C2BF7 /* ImportedSegment.756208390.440992 46.mov */; };
		599478A12D40ECA4009C2BF7 /* ImportedSegment.756208390.440992 8.mov in Resources */ = {isa = PBXBuildFile; fileRef = 599478612D40ECA3009C2BF7 /* ImportedSegment.756208390.440992 8.mov */; };
		599478A22D40ECA4009C2BF7 /* ImportedSegment.756208390.440992 50.mov in Resources */ = {isa = PBXBuildFile; fileRef = 599478622D40ECA3009C2BF7 /* ImportedSegment.756208390.440992 50.mov */; };
		599478A32D40ECA4009C2BF7 /* ImportedSegment.756208390.440992 44.mov in Resources */ = {isa = PBXBuildFile; fileRef = 599478632D40ECA3009C2BF7 /* ImportedSegment.756208390.440992 44.mov */; };
		599478A42D40ECA4009C2BF7 /* ImportedSegment.756208390.440992 45.mov in Resources */ = {isa = PBXBuildFile; fileRef = 599478642D40ECA3009C2BF7 /* ImportedSegment.756208390.440992 45.mov */; };
		599478A52D40ECA4009C2BF7 /* ImportedSegment.756208390.440992 51.mov in Resources */ = {isa = PBXBuildFile; fileRef = 599478652D40ECA3009C2BF7 /* ImportedSegment.756208390.440992 51.mov */; };
		599478A62D40ECA4009C2BF7 /* ImportedSegment.756208390.440992 9.mov in Resources */ = {isa = PBXBuildFile; fileRef = 599478662D40ECA3009C2BF7 /* ImportedSegment.756208390.440992 9.mov */; };
		599478A72D40ECA4009C2BF7 /* ImportedSegment.756208390.440992 55.mov in Resources */ = {isa = PBXBuildFile; fileRef = 599478672D40ECA3009C2BF7 /* ImportedSegment.756208390.440992 55.mov */; };
		599478A82D40ECA4009C2BF7 /* ImportedSegment.756208390.440992 41.mov in Resources */ = {isa = PBXBuildFile; fileRef = 599478682D40ECA3009C2BF7 /* ImportedSegment.756208390.440992 41.mov */; };
		599478A92D40ECA4009C2BF7 /* ImportedSegment.756208390.440992 40.mov in Resources */ = {isa = PBXBuildFile; fileRef = 599478692D40ECA3009C2BF7 /* ImportedSegment.756208390.440992 40.mov */; };
		599478AA2D40ECA4009C2BF7 /* ImportedSegment.756208390.440992 54.mov in Resources */ = {isa = PBXBuildFile; fileRef = 5994786A2D40ECA3009C2BF7 /* ImportedSegment.756208390.440992 54.mov */; };
		599478AB2D40ECA4009C2BF7 /* ImportedSegment.756208390.440992 42.mov in Resources */ = {isa = PBXBuildFile; fileRef = 5994786B2D40ECA3009C2BF7 /* ImportedSegment.756208390.440992 42.mov */; };
		599478AC2D40ECA4009C2BF7 /* ImportedSegment.756208390.440992 56.mov in Resources */ = {isa = PBXBuildFile; fileRef = 5994786C2D40ECA3009C2BF7 /* ImportedSegment.756208390.440992 56.mov */; };
		599478AD2D40ECA4009C2BF7 /* ImportedSegment.756208390.440992 57.mov in Resources */ = {isa = PBXBuildFile; fileRef = 5994786D2D40ECA3009C2BF7 /* ImportedSegment.756208390.440992 57.mov */; };
		599478AE2D40ECA4009C2BF7 /* ImportedSegment.756208390.440992 43.mov in Resources */ = {isa = PBXBuildFile; fileRef = 5994786E2D40ECA3009C2BF7 /* ImportedSegment.756208390.440992 43.mov */; };
		599478B82D40EDBC009C2BF7 /* ImportedSegment.756208390.440992 3 copy 4.mov in Resources */ = {isa = PBXBuildFile; fileRef = 599478AF2D40EDBC009C2BF7 /* ImportedSegment.756208390.440992 3 copy 4.mov */; };
		599478B92D40EDBC009C2BF7 /* ImportedSegment.756208390.440992 3 copy.mov in Resources */ = {isa = PBXBuildFile; fileRef = 599478B02D40EDBC009C2BF7 /* ImportedSegment.756208390.440992 3 copy.mov */; };
		599478BA2D40EDBC009C2BF7 /* ImportedSegment.756208390.440992 3 copy 9.mov in Resources */ = {isa = PBXBuildFile; fileRef = 599478B12D40EDBC009C2BF7 /* ImportedSegment.756208390.440992 3 copy 9.mov */; };
		599478BB2D40EDBC009C2BF7 /* ImportedSegment.756208390.440992 3 copy 5.mov in Resources */ = {isa = PBXBuildFile; fileRef = 599478B22D40EDBC009C2BF7 /* ImportedSegment.756208390.440992 3 copy 5.mov */; };
		599478BC2D40EDBC009C2BF7 /* ImportedSegment.756208390.440992 3 copy 2.mov in Resources */ = {isa = PBXBuildFile; fileRef = 599478B32D40EDBC009C2BF7 /* ImportedSegment.756208390.440992 3 copy 2.mov */; };
		599478BD2D40EDBC009C2BF7 /* ImportedSegment.756208390.440992 3 copy 6.mov in Resources */ = {isa = PBXBuildFile; fileRef = 599478B42D40EDBC009C2BF7 /* ImportedSegment.756208390.440992 3 copy 6.mov */; };
		599478BE2D40EDBC009C2BF7 /* ImportedSegment.756208390.440992 3 copy 7.mov in Resources */ = {isa = PBXBuildFile; fileRef = 599478B52D40EDBC009C2BF7 /* ImportedSegment.756208390.440992 3 copy 7.mov */; };
		599478BF2D40EDBC009C2BF7 /* ImportedSegment.756208390.440992 3 copy 3.mov in Resources */ = {isa = PBXBuildFile; fileRef = 599478B62D40EDBC009C2BF7 /* ImportedSegment.756208390.440992 3 copy 3.mov */; };
		599478C02D40EDBC009C2BF7 /* ImportedSegment.756208390.440992 3 copy 8.mov in Resources */ = {isa = PBXBuildFile; fileRef = 599478B72D40EDBC009C2BF7 /* ImportedSegment.756208390.440992 3 copy 8.mov */; };
/* End PBXBuildFile section */

/* Begin PBXContainerItemProxy section */
		599478122D40E908009C2BF7 /* PBXContainerItemProxy */ = {
			isa = PBXContainerItemProxy;
			containerPortal = 599477F92D40E906009C2BF7 /* Project object */;
			proxyType = 1;
			remoteGlobalIDString = 599478002D40E906009C2BF7;
			remoteInfo = LFS_Demo;
		};
		5994781C2D40E908009C2BF7 /* PBXContainerItemProxy */ = {
			isa = PBXContainerItemProxy;
			containerPortal = 599477F92D40E906009C2BF7 /* Project object */;
			proxyType = 1;
			remoteGlobalIDString = 599478002D40E906009C2BF7;
			remoteInfo = LFS_Demo;
		};
/* End PBXContainerItemProxy section */

/* Begin PBXFileReference section */
		599478012D40E906009C2BF7 /* LFS_Demo.app */ = {isa = PBXFileReference; explicitFileType = wrapper.application; includeInIndex = 0; path = LFS_Demo.app; sourceTree = BUILT_PRODUCTS_DIR; };
		599478042D40E906009C2BF7 /* LFS_DemoApp.swift */ = {isa = PBXFileReference; lastKnownFileType = sourcecode.swift; path = LFS_DemoApp.swift; sourceTree = "<group>"; };
		599478062D40E906009C2BF7 /* ContentView.swift */ = {isa = PBXFileReference; lastKnownFileType = sourcecode.swift; path = ContentView.swift; sourceTree = "<group>"; };
		599478082D40E908009C2BF7 /* Assets.xcassets */ = {isa = PBXFileReference; lastKnownFileType = folder.assetcatalog; path = Assets.xcassets; sourceTree = "<group>"; };
		5994780B2D40E908009C2BF7 /* Preview Assets.xcassets */ = {isa = PBXFileReference; lastKnownFileType = folder.assetcatalog; path = "Preview Assets.xcassets"; sourceTree = "<group>"; };
		599478112D40E908009C2BF7 /* LFS_DemoTests.xctest */ = {isa = PBXFileReference; explicitFileType = wrapper.cfbundle; includeInIndex = 0; path = LFS_DemoTests.xctest; sourceTree = BUILT_PRODUCTS_DIR; };
		599478152D40E908009C2BF7 /* LFS_DemoTests.swift */ = {isa = PBXFileReference; lastKnownFileType = sourcecode.swift; path = LFS_DemoTests.swift; sourceTree = "<group>"; };
		5994781B2D40E908009C2BF7 /* LFS_DemoUITests.xctest */ = {isa = PBXFileReference; explicitFileType = wrapper.cfbundle; includeInIndex = 0; path = LFS_DemoUITests.xctest; sourceTree = BUILT_PRODUCTS_DIR; };
		5994781F2D40E908009C2BF7 /* LFS_DemoUITests.swift */ = {isa = PBXFileReference; lastKnownFileType = sourcecode.swift; path = LFS_DemoUITests.swift; sourceTree = "<group>"; };
		599478212D40E908009C2BF7 /* LFS_DemoUITestsLaunchTests.swift */ = {isa = PBXFileReference; lastKnownFileType = sourcecode.swift; path = LFS_DemoUITestsLaunchTests.swift; sourceTree = "<group>"; };
		5994782F2D40ECA3009C2BF7 /* ImportedSegment.756208390.440992 2.mov */ = {isa = PBXFileReference; lastKnownFileType = video.quicktime; path = "ImportedSegment.756208390.440992 2.mov"; sourceTree = "<group>"; };
		599478302D40ECA3009C2BF7 /* ImportedSegment.756208390.440992 3.mov */ = {isa = PBXFileReference; lastKnownFileType = video.quicktime; path = "ImportedSegment.756208390.440992 3.mov"; sourceTree = "<group>"; };
		599478312D40ECA3009C2BF7 /* ImportedSegment.756208390.440992 59.mov */ = {isa = PBXFileReference; lastKnownFileType = video.quicktime; path = "ImportedSegment.756208390.440992 59.mov"; sourceTree = "<group>"; };
		599478322D40ECA3009C2BF7 /* ImportedSegment.756208390.440992 58.mov */ = {isa = PBXFileReference; lastKnownFileType = video.quicktime; path = "ImportedSegment.756208390.440992 58.mov"; sourceTree = "<group>"; };
		599478332D40ECA3009C2BF7 /* ImportedSegment.756208390.440992 64.mov */ = {isa = PBXFileReference; lastKnownFileType = video.quicktime; path = "ImportedSegment.756208390.440992 64.mov"; sourceTree = "<group>"; };
		599478342D40ECA3009C2BF7 /* ImportedSegment.756208390.440992 4.mov */ = {isa = PBXFileReference; lastKnownFileType = video.quicktime; path = "ImportedSegment.756208390.440992 4.mov"; sourceTree = "<group>"; };
		599478352D40ECA3009C2BF7 /* ImportedSegment.756208390.440992 48.mov */ = {isa = PBXFileReference; lastKnownFileType = video.quicktime; path = "ImportedSegment.756208390.440992 48.mov"; sourceTree = "<group>"; };
		599478362D40ECA3009C2BF7 /* ImportedSegment.756208390.440992 60.mov */ = {isa = PBXFileReference; lastKnownFileType = video.quicktime; path = "ImportedSegment.756208390.440992 60.mov"; sourceTree = "<group>"; };
		599478372D40ECA3009C2BF7 /* ImportedSegment.756208390.440992 61.mov */ = {isa = PBXFileReference; lastKnownFileType = video.quicktime; path = "ImportedSegment.756208390.440992 61.mov"; sourceTree = "<group>"; };
		599478382D40ECA3009C2BF7 /* ImportedSegment.756208390.440992 49.mov */ = {isa = PBXFileReference; lastKnownFileType = video.quicktime; path = "ImportedSegment.756208390.440992 49.mov"; sourceTree = "<group>"; };
		599478392D40ECA3009C2BF7 /* ImportedSegment.756208390.440992 5.mov */ = {isa = PBXFileReference; lastKnownFileType = video.quicktime; path = "ImportedSegment.756208390.440992 5.mov"; sourceTree = "<group>"; };
		5994783A2D40ECA3009C2BF7 /* ImportedSegment.756208390.440992 7.mov */ = {isa = PBXFileReference; lastKnownFileType = video.quicktime; path = "ImportedSegment.756208390.440992 7.mov"; sourceTree = "<group>"; };
		5994783B2D40ECA3009C2BF7 /* ImportedSegment.756208390.440992 63.mov */ = {isa = PBXFileReference; lastKnownFileType = video.quicktime; path = "ImportedSegment.756208390.440992 63.mov"; sourceTree = "<group>"; };
		5994783C2D40ECA3009C2BF7 /* ImportedSegment.756208390.440992 62.mov */ = {isa = PBXFileReference; lastKnownFileType = video.quicktime; path = "ImportedSegment.756208390.440992 62.mov"; sourceTree = "<group>"; };
		5994783D2D40ECA3009C2BF7 /* ImportedSegment.756208390.440992 6.mov */ = {isa = PBXFileReference; lastKnownFileType = video.quicktime; path = "ImportedSegment.756208390.440992 6.mov"; sourceTree = "<group>"; };
		5994783E2D40ECA3009C2BF7 /* ImportedSegment.756208390.440992 11.mov */ = {isa = PBXFileReference; lastKnownFileType = video.quicktime; path = "ImportedSegment.756208390.440992 11.mov"; sourceTree = "<group>"; };
		5994783F2D40ECA3009C2BF7 /* ImportedSegment.756208390.440992 39.mov */ = {isa = PBXFileReference; lastKnownFileType = video.quicktime; path = "ImportedSegment.756208390.440992 39.mov"; sourceTree = "<group>"; };
		599478402D40ECA3009C2BF7 /* ImportedSegment.756208390.440992 38.mov */ = {isa = PBXFileReference; lastKnownFileType = video.quicktime; path = "ImportedSegment.756208390.440992 38.mov"; sourceTree = "<group>"; };
		599478412D40ECA3009C2BF7 /* ImportedSegment.756208390.440992 10.mov */ = {isa = PBXFileReference; lastKnownFileType = video.quicktime; path = "ImportedSegment.756208390.440992 10.mov"; sourceTree = "<group>"; };
		599478422D40ECA3009C2BF7 /* ImportedSegment.756208390.440992 12.mov */ = {isa = PBXFileReference; lastKnownFileType = video.quicktime; path = "ImportedSegment.756208390.440992 12.mov"; sourceTree = "<group>"; };
		599478432D40ECA3009C2BF7 /* ImportedSegment.756208390.440992.mov */ = {isa = PBXFileReference; lastKnownFileType = video.quicktime; path = ImportedSegment.756208390.440992.mov; sourceTree = "<group>"; };
		599478442D40ECA3009C2BF7 /* ImportedSegment.756208390.440992 13.mov */ = {isa = PBXFileReference; lastKnownFileType = video.quicktime; path = "ImportedSegment.756208390.440992 13.mov"; sourceTree = "<group>"; };
		599478452D40ECA3009C2BF7 /* ImportedSegment.756208390.440992 17.mov */ = {isa = PBXFileReference; lastKnownFileType = video.quicktime; path = "ImportedSegment.756208390.440992 17.mov"; sourceTree = "<group>"; };
		599478462D40ECA3009C2BF7 /* ImportedSegment.756208390.440992 16.mov */ = {isa = PBXFileReference; lastKnownFileType = video.quicktime; path = "ImportedSegment.756208390.440992 16.mov"; sourceTree = "<group>"; };
		599478472D40ECA3009C2BF7 /* ImportedSegment.756208390.440992 28.mov */ = {isa = PBXFileReference; lastKnownFileType = video.quicktime; path = "ImportedSegment.756208390.440992 28.mov"; sourceTree = "<group>"; };
		599478482D40ECA3009C2BF7 /* ImportedSegment.756208390.440992 14.mov */ = {isa = PBXFileReference; lastKnownFileType = video.quicktime; path = "ImportedSegment.756208390.440992 14.mov"; sourceTree = "<group>"; };
		599478492D40ECA3009C2BF7 /* ImportedSegment.756208390.440992 15.mov */ = {isa = PBXFileReference; lastKnownFileType = video.quicktime; path = "ImportedSegment.756208390.440992 15.mov"; sourceTree = "<group>"; };
		5994784A2D40ECA3009C2BF7 /* ImportedSegment.756208390.440992 29.mov */ = {isa = PBXFileReference; lastKnownFileType = video.quicktime; path = "ImportedSegment.756208390.440992 29.mov"; sourceTree = "<group>"; };
		5994784B2D40ECA3009C2BF7 /* ImportedSegment.756208390.440992 24.mov */ = {isa = PBXFileReference; lastKnownFileType = video.quicktime; path = "ImportedSegment.756208390.440992 24.mov"; sourceTree = "<group>"; };
		5994784C2D40ECA3009C2BF7 /* ImportedSegment.756208390.440992 30.mov */ = {isa = PBXFileReference; lastKnownFileType = video.quicktime; path = "ImportedSegment.756208390.440992 30.mov"; sourceTree = "<group>"; };
		5994784D2D40ECA3009C2BF7 /* ImportedSegment.756208390.440992 18.mov */ = {isa = PBXFileReference; lastKnownFileType = video.quicktime; path = "ImportedSegment.756208390.440992 18.mov"; sourceTree = "<group>"; };
		5994784E2D40ECA3009C2BF7 /* ImportedSegment.756208390.440992 19.mov */ = {isa = PBXFileReference; lastKnownFileType = video.quicktime; path = "ImportedSegment.756208390.440992 19.mov"; sourceTree = "<group>"; };
		5994784F2D40ECA3009C2BF7 /* ImportedSegment.756208390.440992 31.mov */ = {isa = PBXFileReference; lastKnownFileType = video.quicktime; path = "ImportedSegment.756208390.440992 31.mov"; sourceTree = "<group>"; };
		599478502D40ECA3009C2BF7 /* ImportedSegment.756208390.440992 25.mov */ = {isa = PBXFileReference; lastKnownFileType = video.quicktime; path = "ImportedSegment.756208390.440992 25.mov"; sourceTree = "<group>"; };
		599478512D40ECA3009C2BF7 /* ImportedSegment.756208390.440992 33.mov */ = {isa = PBXFileReference; lastKnownFileType = video.quicktime; path = "ImportedSegment.756208390.440992 33.mov"; sourceTree = "<group>"; };
		599478522D40ECA3009C2BF7 /* ImportedSegment.756208390.440992 27.mov */ = {isa = PBXFileReference; lastKnownFileType = video.quicktime; path = "ImportedSegment.756208390.440992 27.mov"; sourceTree = "<group>"; };
		599478532D40ECA3009C2BF7 /* ImportedSegment.756208390.440992 26.mov */ = {isa = PBXFileReference; lastKnownFileType = video.quicktime; path = "ImportedSegment.756208390.440992 26.mov"; sourceTree = "<group>"; };
		599478542D40ECA3009C2BF7 /* ImportedSegment.756208390.440992 32.mov */ = {isa = PBXFileReference; lastKnownFileType = video.quicktime; path = "ImportedSegment.756208390.440992 32.mov"; sourceTree = "<group>"; };
		599478552D40ECA3009C2BF7 /* ImportedSegment.756208390.440992 36.mov */ = {isa = PBXFileReference; lastKnownFileType = video.quicktime; path = "ImportedSegment.756208390.440992 36.mov"; sourceTree = "<group>"; };
		599478562D40ECA3009C2BF7 /* ImportedSegment.756208390.440992 22.mov */ = {isa = PBXFileReference; lastKnownFileType = video.quicktime; path = "ImportedSegment.756208390.440992 22.mov"; sourceTree = "<group>"; };
		599478572D40ECA3009C2BF7 /* ImportedSegment.756208390.440992 23.mov */ = {isa = PBXFileReference; lastKnownFileType = video.quicktime; path = "ImportedSegment.756208390.440992 23.mov"; sourceTree = "<group>"; };
		599478582D40ECA3009C2BF7 /* ImportedSegment.756208390.440992 37.mov */ = {isa = PBXFileReference; lastKnownFileType = video.quicktime; path = "ImportedSegment.756208390.440992 37.mov"; sourceTree = "<group>"; };
		599478592D40ECA3009C2BF7 /* ImportedSegment.756208390.440992 21.mov */ = {isa = PBXFileReference; lastKnownFileType = video.quicktime; path = "ImportedSegment.756208390.440992 21.mov"; sourceTree = "<group>"; };
		5994785A2D40ECA3009C2BF7 /* ImportedSegment.756208390.440992 35.mov */ = {isa = PBXFileReference; lastKnownFileType = video.quicktime; path = "ImportedSegment.756208390.440992 35.mov"; sourceTree = "<group>"; };
		5994785B2D40ECA3009C2BF7 /* ImportedSegment.756208390.440992 34.mov */ = {isa = PBXFileReference; lastKnownFileType = video.quicktime; path = "ImportedSegment.756208390.440992 34.mov"; sourceTree = "<group>"; };
		5994785C2D40ECA3009C2BF7 /* ImportedSegment.756208390.440992 20.mov */ = {isa = PBXFileReference; lastKnownFileType = video.quicktime; path = "ImportedSegment.756208390.440992 20.mov"; sourceTree = "<group>"; };
		5994785D2D40ECA3009C2BF7 /* ImportedSegment.756208390.440992 47.mov */ = {isa = PBXFileReference; lastKnownFileType = video.quicktime; path = "ImportedSegment.756208390.440992 47.mov"; sourceTree = "<group>"; };
		5994785E2D40ECA3009C2BF7 /* ImportedSegment.756208390.440992 53.mov */ = {isa = PBXFileReference; lastKnownFileType = video.quicktime; path = "ImportedSegment.756208390.440992 53.mov"; sourceTree = "<group>"; };
		5994785F2D40ECA3009C2BF7 /* ImportedSegment.756208390.440992 52.mov */ = {isa = PBXFileReference; lastKnownFileType = video.quicktime; path = "ImportedSegment.756208390.440992 52.mov"; sourceTree = "<group>"; };
		599478602D40ECA3009C2BF7 /* ImportedSegment.756208390.440992 46.mov */ = {isa = PBXFileReference; lastKnownFileType = video.quicktime; path = "ImportedSegment.756208390.440992 46.mov"; sourceTree = "<group>"; };
		599478612D40ECA3009C2BF7 /* ImportedSegment.756208390.440992 8.mov */ = {isa = PBXFileReference; lastKnownFileType = video.quicktime; path = "ImportedSegment.756208390.440992 8.mov"; sourceTree = "<group>"; };
		599478622D40ECA3009C2BF7 /* ImportedSegment.756208390.440992 50.mov */ = {isa = PBXFileReference; lastKnownFileType = video.quicktime; path = "ImportedSegment.756208390.440992 50.mov"; sourceTree = "<group>"; };
		599478632D40ECA3009C2BF7 /* ImportedSegment.756208390.440992 44.mov */ = {isa = PBXFileReference; lastKnownFileType = video.quicktime; path = "ImportedSegment.756208390.440992 44.mov"; sourceTree = "<group>"; };
		599478642D40ECA3009C2BF7 /* ImportedSegment.756208390.440992 45.mov */ = {isa = PBXFileReference; lastKnownFileType = video.quicktime; path = "ImportedSegment.756208390.440992 45.mov"; sourceTree = "<group>"; };
		599478652D40ECA3009C2BF7 /* ImportedSegment.756208390.440992 51.mov */ = {isa = PBXFileReference; lastKnownFileType = video.quicktime; path = "ImportedSegment.756208390.440992 51.mov"; sourceTree = "<group>"; };
		599478662D40ECA3009C2BF7 /* ImportedSegment.756208390.440992 9.mov */ = {isa = PBXFileReference; lastKnownFileType = video.quicktime; path = "ImportedSegment.756208390.440992 9.mov"; sourceTree = "<group>"; };
		599478672D40ECA3009C2BF7 /* ImportedSegment.756208390.440992 55.mov */ = {isa = PBXFileReference; lastKnownFileType = video.quicktime; path = "ImportedSegment.756208390.440992 55.mov"; sourceTree = "<group>"; };
		599478682D40ECA3009C2BF7 /* ImportedSegment.756208390.440992 41.mov */ = {isa = PBXFileReference; lastKnownFileType = video.quicktime; path = "ImportedSegment.756208390.440992 41.mov"; sourceTree = "<group>"; };
		599478692D40ECA3009C2BF7 /* ImportedSegment.756208390.440992 40.mov */ = {isa = PBXFileReference; lastKnownFileType = video.quicktime; path = "ImportedSegment.756208390.440992 40.mov"; sourceTree = "<group>"; };
		5994786A2D40ECA3009C2BF7 /* ImportedSegment.756208390.440992 54.mov */ = {isa = PBXFileReference; lastKnownFileType = video.quicktime; path = "ImportedSegment.756208390.440992 54.mov"; sourceTree = "<group>"; };
		5994786B2D40ECA3009C2BF7 /* ImportedSegment.756208390.440992 42.mov */ = {isa = PBXFileReference; lastKnownFileType = video.quicktime; path = "ImportedSegment.756208390.440992 42.mov"; sourceTree = "<group>"; };
		5994786C2D40ECA3009C2BF7 /* ImportedSegment.756208390.440992 56.mov */ = {isa = PBXFileReference; lastKnownFileType = video.quicktime; path = "ImportedSegment.756208390.440992 56.mov"; sourceTree = "<group>"; };
		5994786D2D40ECA3009C2BF7 /* ImportedSegment.756208390.440992 57.mov */ = {isa = PBXFileReference; lastKnownFileType = video.quicktime; path = "ImportedSegment.756208390.440992 57.mov"; sourceTree = "<group>"; };
		5994786E2D40ECA3009C2BF7 /* ImportedSegment.756208390.440992 43.mov */ = {isa = PBXFileReference; lastKnownFileType = video.quicktime; path = "ImportedSegment.756208390.440992 43.mov"; sourceTree = "<group>"; };
		599478AF2D40EDBC009C2BF7 /* ImportedSegment.756208390.440992 3 copy 4.mov */ = {isa = PBXFileReference; lastKnownFileType = video.quicktime; path = "ImportedSegment.756208390.440992 3 copy 4.mov"; sourceTree = "<group>"; };
		599478B02D40EDBC009C2BF7 /* ImportedSegment.756208390.440992 3 copy.mov */ = {isa = PBXFileReference; lastKnownFileType = video.quicktime; path = "ImportedSegment.756208390.440992 3 copy.mov"; sourceTree = "<group>"; };
		599478B12D40EDBC009C2BF7 /* ImportedSegment.756208390.440992 3 copy 9.mov */ = {isa = PBXFileReference; lastKnownFileType = video.quicktime; path = "ImportedSegment.756208390.440992 3 copy 9.mov"; sourceTree = "<group>"; };
		599478B22D40EDBC009C2BF7 /* ImportedSegment.756208390.440992 3 copy 5.mov */ = {isa = PBXFileReference; lastKnownFileType = video.quicktime; path = "ImportedSegment.756208390.440992 3 copy 5.mov"; sourceTree = "<group>"; };
		599478B32D40EDBC009C2BF7 /* ImportedSegment.756208390.440992 3 copy 2.mov */ = {isa = PBXFileReference; lastKnownFileType = video.quicktime; path = "ImportedSegment.756208390.440992 3 copy 2.mov"; sourceTree = "<group>"; };
		599478B42D40EDBC009C2BF7 /* ImportedSegment.756208390.440992 3 copy 6.mov */ = {isa = PBXFileReference; lastKnownFileType = video.quicktime; path = "ImportedSegment.756208390.440992 3 copy 6.mov"; sourceTree = "<group>"; };
		599478B52D40EDBC009C2BF7 /* ImportedSegment.756208390.440992 3 copy 7.mov */ = {isa = PBXFileReference; lastKnownFileType = video.quicktime; path = "ImportedSegment.756208390.440992 3 copy 7.mov"; sourceTree = "<group>"; };
		599478B62D40EDBC009C2BF7 /* ImportedSegment.756208390.440992 3 copy 3.mov */ = {isa = PBXFileReference; lastKnownFileType = video.quicktime; path = "ImportedSegment.756208390.440992 3 copy 3.mov"; sourceTree = "<group>"; };
		599478B72D40EDBC009C2BF7 /* ImportedSegment.756208390.440992 3 copy 8.mov */ = {isa = PBXFileReference; lastKnownFileType = video.quicktime; path = "ImportedSegment.756208390.440992 3 copy 8.mov"; sourceTree = "<group>"; };
/* End PBXFileReference section */

/* Begin PBXFrameworksBuildPhase section */
		599477FE2D40E906009C2BF7 /* Frameworks */ = {
			isa = PBXFrameworksBuildPhase;
			buildActionMask = 2147483647;
			files = (
			);
			runOnlyForDeploymentPostprocessing = 0;
		};
		5994780E2D40E908009C2BF7 /* Frameworks */ = {
			isa = PBXFrameworksBuildPhase;
			buildActionMask = 2147483647;
			files = (
			);
			runOnlyForDeploymentPostprocessing = 0;
		};
		599478182D40E908009C2BF7 /* Frameworks */ = {
			isa = PBXFrameworksBuildPhase;
			buildActionMask = 2147483647;
			files = (
			);
			runOnlyForDeploymentPostprocessing = 0;
		};
/* End PBXFrameworksBuildPhase section */

/* Begin PBXGroup section */
		599477F82D40E906009C2BF7 = {
			isa = PBXGroup;
			children = (
				599478032D40E906009C2BF7 /* LFS_Demo */,
				599478142D40E908009C2BF7 /* LFS_DemoTests */,
				5994781E2D40E908009C2BF7 /* LFS_DemoUITests */,
				599478022D40E906009C2BF7 /* Products */,
			);
			sourceTree = "<group>";
		};
		599478022D40E906009C2BF7 /* Products */ = {
			isa = PBXGroup;
			children = (
				599478012D40E906009C2BF7 /* LFS_Demo.app */,
				599478112D40E908009C2BF7 /* LFS_DemoTests.xctest */,
				5994781B2D40E908009C2BF7 /* LFS_DemoUITests.xctest */,
			);
			name = Products;
			sourceTree = "<group>";
		};
		599478032D40E906009C2BF7 /* LFS_Demo */ = {
			isa = PBXGroup;
			children = (
				5994782E2D40ECA3009C2BF7 /* Resources */,
				599478042D40E906009C2BF7 /* LFS_DemoApp.swift */,
				599478062D40E906009C2BF7 /* ContentView.swift */,
				599478082D40E908009C2BF7 /* Assets.xcassets */,
				5994780A2D40E908009C2BF7 /* Preview Content */,
			);
			path = LFS_Demo;
			sourceTree = "<group>";
		};
		5994780A2D40E908009C2BF7 /* Preview Content */ = {
			isa = PBXGroup;
			children = (
				5994780B2D40E908009C2BF7 /* Preview Assets.xcassets */,
			);
			path = "Preview Content";
			sourceTree = "<group>";
		};
		599478142D40E908009C2BF7 /* LFS_DemoTests */ = {
			isa = PBXGroup;
			children = (
				599478152D40E908009C2BF7 /* LFS_DemoTests.swift */,
			);
			path = LFS_DemoTests;
			sourceTree = "<group>";
		};
		5994781E2D40E908009C2BF7 /* LFS_DemoUITests */ = {
			isa = PBXGroup;
			children = (
				5994781F2D40E908009C2BF7 /* LFS_DemoUITests.swift */,
				599478212D40E908009C2BF7 /* LFS_DemoUITestsLaunchTests.swift */,
			);
			path = LFS_DemoUITests;
			sourceTree = "<group>";
		};
		5994782E2D40ECA3009C2BF7 /* Resources */ = {
			isa = PBXGroup;
			children = (
				599478B32D40EDBC009C2BF7 /* ImportedSegment.756208390.440992 3 copy 2.mov */,
				599478B62D40EDBC009C2BF7 /* ImportedSegment.756208390.440992 3 copy 3.mov */,
				599478AF2D40EDBC009C2BF7 /* ImportedSegment.756208390.440992 3 copy 4.mov */,
				599478B22D40EDBC009C2BF7 /* ImportedSegment.756208390.440992 3 copy 5.mov */,
				599478B42D40EDBC009C2BF7 /* ImportedSegment.756208390.440992 3 copy 6.mov */,
				599478B52D40EDBC009C2BF7 /* ImportedSegment.756208390.440992 3 copy 7.mov */,
				599478B72D40EDBC009C2BF7 /* ImportedSegment.756208390.440992 3 copy 8.mov */,
				599478B12D40EDBC009C2BF7 /* ImportedSegment.756208390.440992 3 copy 9.mov */,
				599478B02D40EDBC009C2BF7 /* ImportedSegment.756208390.440992 3 copy.mov */,
				5994782F2D40ECA3009C2BF7 /* ImportedSegment.756208390.440992 2.mov */,
				599478302D40ECA3009C2BF7 /* ImportedSegment.756208390.440992 3.mov */,
				599478312D40ECA3009C2BF7 /* ImportedSegment.756208390.440992 59.mov */,
				599478322D40ECA3009C2BF7 /* ImportedSegment.756208390.440992 58.mov */,
				599478332D40ECA3009C2BF7 /* ImportedSegment.756208390.440992 64.mov */,
				599478342D40ECA3009C2BF7 /* ImportedSegment.756208390.440992 4.mov */,
				599478352D40ECA3009C2BF7 /* ImportedSegment.756208390.440992 48.mov */,
				599478362D40ECA3009C2BF7 /* ImportedSegment.756208390.440992 60.mov */,
				599478372D40ECA3009C2BF7 /* ImportedSegment.756208390.440992 61.mov */,
				599478382D40ECA3009C2BF7 /* ImportedSegment.756208390.440992 49.mov */,
				599478392D40ECA3009C2BF7 /* ImportedSegment.756208390.440992 5.mov */,
				5994783A2D40ECA3009C2BF7 /* ImportedSegment.756208390.440992 7.mov */,
				5994783B2D40ECA3009C2BF7 /* ImportedSegment.756208390.440992 63.mov */,
				5994783C2D40ECA3009C2BF7 /* ImportedSegment.756208390.440992 62.mov */,
				5994783D2D40ECA3009C2BF7 /* ImportedSegment.756208390.440992 6.mov */,
				5994783E2D40ECA3009C2BF7 /* ImportedSegment.756208390.440992 11.mov */,
				5994783F2D40ECA3009C2BF7 /* ImportedSegment.756208390.440992 39.mov */,
				599478402D40ECA3009C2BF7 /* ImportedSegment.756208390.440992 38.mov */,
				599478412D40ECA3009C2BF7 /* ImportedSegment.756208390.440992 10.mov */,
				599478422D40ECA3009C2BF7 /* ImportedSegment.756208390.440992 12.mov */,
				599478432D40ECA3009C2BF7 /* ImportedSegment.756208390.440992.mov */,
				599478442D40ECA3009C2BF7 /* ImportedSegment.756208390.440992 13.mov */,
				599478452D40ECA3009C2BF7 /* ImportedSegment.756208390.440992 17.mov */,
				599478462D40ECA3009C2BF7 /* ImportedSegment.756208390.440992 16.mov */,
				599478472D40ECA3009C2BF7 /* ImportedSegment.756208390.440992 28.mov */,
				599478482D40ECA3009C2BF7 /* ImportedSegment.756208390.440992 14.mov */,
				599478492D40ECA3009C2BF7 /* ImportedSegment.756208390.440992 15.mov */,
				5994784A2D40ECA3009C2BF7 /* ImportedSegment.756208390.440992 29.mov */,
				5994784B2D40ECA3009C2BF7 /* ImportedSegment.756208390.440992 24.mov */,
				5994784C2D40ECA3009C2BF7 /* ImportedSegment.756208390.440992 30.mov */,
				5994784D2D40ECA3009C2BF7 /* ImportedSegment.756208390.440992 18.mov */,
				5994784E2D40ECA3009C2BF7 /* ImportedSegment.756208390.440992 19.mov */,
				5994784F2D40ECA3009C2BF7 /* ImportedSegment.756208390.440992 31.mov */,
				599478502D40ECA3009C2BF7 /* ImportedSegment.756208390.440992 25.mov */,
				599478512D40ECA3009C2BF7 /* ImportedSegment.756208390.440992 33.mov */,
				599478522D40ECA3009C2BF7 /* ImportedSegment.756208390.440992 27.mov */,
				599478532D40ECA3009C2BF7 /* ImportedSegment.756208390.440992 26.mov */,
				599478542D40ECA3009C2BF7 /* ImportedSegment.756208390.440992 32.mov */,
				599478552D40ECA3009C2BF7 /* ImportedSegment.756208390.440992 36.mov */,
				599478562D40ECA3009C2BF7 /* ImportedSegment.756208390.440992 22.mov */,
				599478572D40ECA3009C2BF7 /* ImportedSegment.756208390.440992 23.mov */,
				599478582D40ECA3009C2BF7 /* ImportedSegment.756208390.440992 37.mov */,
				599478592D40ECA3009C2BF7 /* ImportedSegment.756208390.440992 21.mov */,
				5994785A2D40ECA3009C2BF7 /* ImportedSegment.756208390.440992 35.mov */,
				5994785B2D40ECA3009C2BF7 /* ImportedSegment.756208390.440992 34.mov */,
				5994785C2D40ECA3009C2BF7 /* ImportedSegment.756208390.440992 20.mov */,
				5994785D2D40ECA3009C2BF7 /* ImportedSegment.756208390.440992 47.mov */,
				5994785E2D40ECA3009C2BF7 /* ImportedSegment.756208390.440992 53.mov */,
				5994785F2D40ECA3009C2BF7 /* ImportedSegment.756208390.440992 52.mov */,
				599478602D40ECA3009C2BF7 /* ImportedSegment.756208390.440992 46.mov */,
				599478612D40ECA3009C2BF7 /* ImportedSegment.756208390.440992 8.mov */,
				599478622D40ECA3009C2BF7 /* ImportedSegment.756208390.440992 50.mov */,
				599478632D40ECA3009C2BF7 /* ImportedSegment.756208390.440992 44.mov */,
				599478642D40ECA3009C2BF7 /* ImportedSegment.756208390.440992 45.mov */,
				599478652D40ECA3009C2BF7 /* ImportedSegment.756208390.440992 51.mov */,
				599478662D40ECA3009C2BF7 /* ImportedSegment.756208390.440992 9.mov */,
				599478672D40ECA3009C2BF7 /* ImportedSegment.756208390.440992 55.mov */,
				599478682D40ECA3009C2BF7 /* ImportedSegment.756208390.440992 41.mov */,
				599478692D40ECA3009C2BF7 /* ImportedSegment.756208390.440992 40.mov */,
				5994786A2D40ECA3009C2BF7 /* ImportedSegment.756208390.440992 54.mov */,
				5994786B2D40ECA3009C2BF7 /* ImportedSegment.756208390.440992 42.mov */,
				5994786C2D40ECA3009C2BF7 /* ImportedSegment.756208390.440992 56.mov */,
				5994786D2D40ECA3009C2BF7 /* ImportedSegment.756208390.440992 57.mov */,
				5994786E2D40ECA3009C2BF7 /* ImportedSegment.756208390.440992 43.mov */,
			);
			path = Resources;
			sourceTree = "<group>";
		};
/* End PBXGroup section */

/* Begin PBXNativeTarget section */
		599478002D40E906009C2BF7 /* LFS_Demo */ = {
			isa = PBXNativeTarget;
			buildConfigurationList = 599478252D40E908009C2BF7 /* Build configuration list for PBXNativeTarget "LFS_Demo" */;
			buildPhases = (
				599477FD2D40E906009C2BF7 /* Sources */,
				599477FE2D40E906009C2BF7 /* Frameworks */,
				599477FF2D40E906009C2BF7 /* Resources */,
			);
			buildRules = (
			);
			dependencies = (
			);
			name = LFS_Demo;
			productName = LFS_Demo;
			productReference = 599478012D40E906009C2BF7 /* LFS_Demo.app */;
			productType = "com.apple.product-type.application";
		};
		599478102D40E908009C2BF7 /* LFS_DemoTests */ = {
			isa = PBXNativeTarget;
			buildConfigurationList = 599478282D40E908009C2BF7 /* Build configuration list for PBXNativeTarget "LFS_DemoTests" */;
			buildPhases = (
				5994780D2D40E908009C2BF7 /* Sources */,
				5994780E2D40E908009C2BF7 /* Frameworks */,
				5994780F2D40E908009C2BF7 /* Resources */,
			);
			buildRules = (
			);
			dependencies = (
				599478132D40E908009C2BF7 /* PBXTargetDependency */,
			);
			name = LFS_DemoTests;
			productName = LFS_DemoTests;
			productReference = 599478112D40E908009C2BF7 /* LFS_DemoTests.xctest */;
			productType = "com.apple.product-type.bundle.unit-test";
		};
		5994781A2D40E908009C2BF7 /* LFS_DemoUITests */ = {
			isa = PBXNativeTarget;
			buildConfigurationList = 5994782B2D40E908009C2BF7 /* Build configuration list for PBXNativeTarget "LFS_DemoUITests" */;
			buildPhases = (
				599478172D40E908009C2BF7 /* Sources */,
				599478182D40E908009C2BF7 /* Frameworks */,
				599478192D40E908009C2BF7 /* Resources */,
			);
			buildRules = (
			);
			dependencies = (
				5994781D2D40E908009C2BF7 /* PBXTargetDependency */,
			);
			name = LFS_DemoUITests;
			productName = LFS_DemoUITests;
			productReference = 5994781B2D40E908009C2BF7 /* LFS_DemoUITests.xctest */;
			productType = "com.apple.product-type.bundle.ui-testing";
		};
/* End PBXNativeTarget section */

/* Begin PBXProject section */
		599477F92D40E906009C2BF7 /* Project object */ = {
			isa = PBXProject;
			attributes = {
				BuildIndependentTargetsInParallel = 1;
				LastSwiftUpdateCheck = 1500;
				LastUpgradeCheck = 1500;
				TargetAttributes = {
					599478002D40E906009C2BF7 = {
						CreatedOnToolsVersion = 15.0.1;
					};
					599478102D40E908009C2BF7 = {
						CreatedOnToolsVersion = 15.0.1;
						TestTargetID = 599478002D40E906009C2BF7;
					};
					5994781A2D40E908009C2BF7 = {
						CreatedOnToolsVersion = 15.0.1;
						TestTargetID = 599478002D40E906009C2BF7;
					};
				};
			};
			buildConfigurationList = 599477FC2D40E906009C2BF7 /* Build configuration list for PBXProject "LFS_Demo" */;
			compatibilityVersion = "Xcode 14.0";
			developmentRegion = en;
			hasScannedForEncodings = 0;
			knownRegions = (
				en,
				Base,
			);
			mainGroup = 599477F82D40E906009C2BF7;
			productRefGroup = 599478022D40E906009C2BF7 /* Products */;
			projectDirPath = "";
			projectRoot = "";
			targets = (
				599478002D40E906009C2BF7 /* LFS_Demo */,
				599478102D40E908009C2BF7 /* LFS_DemoTests */,
				5994781A2D40E908009C2BF7 /* LFS_DemoUITests */,
			);
		};
/* End PBXProject section */

/* Begin PBXResourcesBuildPhase section */
		599477FF2D40E906009C2BF7 /* Resources */ = {
			isa = PBXResourcesBuildPhase;
			buildActionMask = 2147483647;
			files = (
				599478A62D40ECA4009C2BF7 /* ImportedSegment.756208390.440992 9.mov in Resources */,
				599478A02D40ECA4009C2BF7 /* ImportedSegment.756208390.440992 46.mov in Resources */,
				599478702D40ECA3009C2BF7 /* ImportedSegment.756208390.440992 3.mov in Resources */,
				599478892D40ECA4009C2BF7 /* ImportedSegment.756208390.440992 15.mov in Resources */,
				5994789E2D40ECA4009C2BF7 /* ImportedSegment.756208390.440992 53.mov in Resources */,
				599478912D40ECA4009C2BF7 /* ImportedSegment.756208390.440992 33.mov in Resources */,
				599478A12D40ECA4009C2BF7 /* ImportedSegment.756208390.440992 8.mov in Resources */,
				599478802D40ECA3009C2BF7 /* ImportedSegment.756208390.440992 38.mov in Resources */,
				599478BE2D40EDBC009C2BF7 /* ImportedSegment.756208390.440992 3 copy 7.mov in Resources */,
				599478BF2D40EDBC009C2BF7 /* ImportedSegment.756208390.440992 3 copy 3.mov in Resources */,
				599478A42D40ECA4009C2BF7 /* ImportedSegment.756208390.440992 45.mov in Resources */,
				599478842D40ECA3009C2BF7 /* ImportedSegment.756208390.440992 13.mov in Resources */,
				599478992D40ECA4009C2BF7 /* ImportedSegment.756208390.440992 21.mov in Resources */,
				599478A82D40ECA4009C2BF7 /* ImportedSegment.756208390.440992 41.mov in Resources */,
				599478742D40ECA3009C2BF7 /* ImportedSegment.756208390.440992 4.mov in Resources */,
				5994788D2D40ECA4009C2BF7 /* ImportedSegment.756208390.440992 18.mov in Resources */,
				599478922D40ECA4009C2BF7 /* ImportedSegment.756208390.440992 27.mov in Resources */,
				599478982D40ECA4009C2BF7 /* ImportedSegment.756208390.440992 37.mov in Resources */,
				599478932D40ECA4009C2BF7 /* ImportedSegment.756208390.440992 26.mov in Resources */,
				599478952D40ECA4009C2BF7 /* ImportedSegment.756208390.440992 36.mov in Resources */,
				5994787A2D40ECA3009C2BF7 /* ImportedSegment.756208390.440992 7.mov in Resources */,
				599478BB2D40EDBC009C2BF7 /* ImportedSegment.756208390.440992 3 copy 5.mov in Resources */,
				599478752D40ECA3009C2BF7 /* ImportedSegment.756208390.440992 48.mov in Resources */,
				599478852D40ECA3009C2BF7 /* ImportedSegment.756208390.440992 17.mov in Resources */,
				5994787F2D40ECA3009C2BF7 /* ImportedSegment.756208390.440992 39.mov in Resources */,
				599478A52D40ECA4009C2BF7 /* ImportedSegment.756208390.440992 51.mov in Resources */,
				5994789F2D40ECA4009C2BF7 /* ImportedSegment.756208390.440992 52.mov in Resources */,
				5994788E2D40ECA4009C2BF7 /* ImportedSegment.756208390.440992 19.mov in Resources */,
				599478C02D40EDBC009C2BF7 /* ImportedSegment.756208390.440992 3 copy 8.mov in Resources */,
				599478BC2D40EDBC009C2BF7 /* ImportedSegment.756208390.440992 3 copy 2.mov in Resources */,
				599478BA2D40EDBC009C2BF7 /* ImportedSegment.756208390.440992 3 copy 9.mov in Resources */,
				599478872D40ECA3009C2BF7 /* ImportedSegment.756208390.440992 28.mov in Resources */,
				5994787D2D40ECA3009C2BF7 /* ImportedSegment.756208390.440992 6.mov in Resources */,
				599478B82D40EDBC009C2BF7 /* ImportedSegment.756208390.440992 3 copy 4.mov in Resources */,
				599478712D40ECA3009C2BF7 /* ImportedSegment.756208390.440992 59.mov in Resources */,
				5994787B2D40ECA3009C2BF7 /* ImportedSegment.756208390.440992 63.mov in Resources */,
				599478972D40ECA4009C2BF7 /* ImportedSegment.756208390.440992 23.mov in Resources */,
				599478832D40ECA3009C2BF7 /* ImportedSegment.756208390.440992.mov in Resources */,
				599478962D40ECA4009C2BF7 /* ImportedSegment.756208390.440992 22.mov in Resources */,
				5994789B2D40ECA4009C2BF7 /* ImportedSegment.756208390.440992 34.mov in Resources */,
				599478A22D40ECA4009C2BF7 /* ImportedSegment.756208390.440992 50.mov in Resources */,
				5994787C2D40ECA3009C2BF7 /* ImportedSegment.756208390.440992 62.mov in Resources */,
				599478A92D40ECA4009C2BF7 /* ImportedSegment.756208390.440992 40.mov in Resources */,
				599478902D40ECA4009C2BF7 /* ImportedSegment.756208390.440992 25.mov in Resources */,
				5994787E2D40ECA3009C2BF7 /* ImportedSegment.756208390.440992 11.mov in Resources */,
				599478AB2D40ECA4009C2BF7 /* ImportedSegment.756208390.440992 42.mov in Resources */,
				5994780C2D40E908009C2BF7 /* Preview Assets.xcassets in Resources */,
				5994788C2D40ECA4009C2BF7 /* ImportedSegment.756208390.440992 30.mov in Resources */,
				599478AE2D40ECA4009C2BF7 /* ImportedSegment.756208390.440992 43.mov in Resources */,
				5994788B2D40ECA4009C2BF7 /* ImportedSegment.756208390.440992 24.mov in Resources */,
				5994789A2D40ECA4009C2BF7 /* ImportedSegment.756208390.440992 35.mov in Resources */,
				5994789C2D40ECA4009C2BF7 /* ImportedSegment.756208390.440992 20.mov in Resources */,
				5994788A2D40ECA4009C2BF7 /* ImportedSegment.756208390.440992 29.mov in Resources */,
				5994786F2D40ECA3009C2BF7 /* ImportedSegment.756208390.440992 2.mov in Resources */,
				599478942D40ECA4009C2BF7 /* ImportedSegment.756208390.440992 32.mov in Resources */,
				5994788F2D40ECA4009C2BF7 /* ImportedSegment.756208390.440992 31.mov in Resources */,
				599478092D40E908009C2BF7 /* Assets.xcassets in Resources */,
				599478A32D40ECA4009C2BF7 /* ImportedSegment.756208390.440992 44.mov in Resources */,
				599478792D40ECA3009C2BF7 /* ImportedSegment.756208390.440992 5.mov in Resources */,
				599478822D40ECA3009C2BF7 /* ImportedSegment.756208390.440992 12.mov in Resources */,
				599478AA2D40ECA4009C2BF7 /* ImportedSegment.756208390.440992 54.mov in Resources */,
				5994789D2D40ECA4009C2BF7 /* ImportedSegment.756208390.440992 47.mov in Resources */,
				599478732D40ECA3009C2BF7 /* ImportedSegment.756208390.440992 64.mov in Resources */,
				599478762D40ECA3009C2BF7 /* ImportedSegment.756208390.440992 60.mov in Resources */,
				599478772D40ECA3009C2BF7 /* ImportedSegment.756208390.440992 61.mov in Resources */,
				599478AC2D40ECA4009C2BF7 /* ImportedSegment.756208390.440992 56.mov in Resources */,
				599478AD2D40ECA4009C2BF7 /* ImportedSegment.756208390.440992 57.mov in Resources */,
				599478BD2D40EDBC009C2BF7 /* ImportedSegment.756208390.440992 3 copy 6.mov in Resources */,
				599478882D40ECA3009C2BF7 /* ImportedSegment.756208390.440992 14.mov in Resources */,
				599478722D40ECA3009C2BF7 /* ImportedSegment.756208390.440992 58.mov in Resources */,
				599478782D40ECA3009C2BF7 /* ImportedSegment.756208390.440992 49.mov in Resources */,
				599478B92D40EDBC009C2BF7 /* ImportedSegment.756208390.440992 3 copy.mov in Resources */,
				599478A72D40ECA4009C2BF7 /* ImportedSegment.756208390.440992 55.mov in Resources */,
				599478812D40ECA3009C2BF7 /* ImportedSegment.756208390.440992 10.mov in Resources */,
				599478862D40ECA3009C2BF7 /* ImportedSegment.756208390.440992 16.mov in Resources */,
			);
			runOnlyForDeploymentPostprocessing = 0;
		};
		5994780F2D40E908009C2BF7 /* Resources */ = {
			isa = PBXResourcesBuildPhase;
			buildActionMask = 2147483647;
			files = (
			);
			runOnlyForDeploymentPostprocessing = 0;
		};
		599478192D40E908009C2BF7 /* Resources */ = {
			isa = PBXResourcesBuildPhase;
			buildActionMask = 2147483647;
			files = (
			);
			runOnlyForDeploymentPostprocessing = 0;
		};
/* End PBXResourcesBuildPhase section */

/* Begin PBXSourcesBuildPhase section */
		599477FD2D40E906009C2BF7 /* Sources */ = {
			isa = PBXSourcesBuildPhase;
			buildActionMask = 2147483647;
			files = (
				599478072D40E906009C2BF7 /* ContentView.swift in Sources */,
				599478052D40E906009C2BF7 /* LFS_DemoApp.swift in Sources */,
			);
			runOnlyForDeploymentPostprocessing = 0;
		};
		5994780D2D40E908009C2BF7 /* Sources */ = {
			isa = PBXSourcesBuildPhase;
			buildActionMask = 2147483647;
			files = (
				599478162D40E908009C2BF7 /* LFS_DemoTests.swift in Sources */,
			);
			runOnlyForDeploymentPostprocessing = 0;
		};
		599478172D40E908009C2BF7 /* Sources */ = {
			isa = PBXSourcesBuildPhase;
			buildActionMask = 2147483647;
			files = (
				599478222D40E908009C2BF7 /* LFS_DemoUITestsLaunchTests.swift in Sources */,
				599478202D40E908009C2BF7 /* LFS_DemoUITests.swift in Sources */,
			);
			runOnlyForDeploymentPostprocessing = 0;
		};
/* End PBXSourcesBuildPhase section */

/* Begin PBXTargetDependency section */
		599478132D40E908009C2BF7 /* PBXTargetDependency */ = {
			isa = PBXTargetDependency;
			target = 599478002D40E906009C2BF7 /* LFS_Demo */;
			targetProxy = 599478122D40E908009C2BF7 /* PBXContainerItemProxy */;
		};
		5994781D2D40E908009C2BF7 /* PBXTargetDependency */ = {
			isa = PBXTargetDependency;
			target = 599478002D40E906009C2BF7 /* LFS_Demo */;
			targetProxy = 5994781C2D40E908009C2BF7 /* PBXContainerItemProxy */;
		};
/* End PBXTargetDependency section */

/* Begin XCBuildConfiguration section */
		599478232D40E908009C2BF7 /* Debug */ = {
			isa = XCBuildConfiguration;
			buildSettings = {
				ALWAYS_SEARCH_USER_PATHS = NO;
				ASSETCATALOG_COMPILER_GENERATE_SWIFT_ASSET_SYMBOL_EXTENSIONS = YES;
				CLANG_ANALYZER_NONNULL = YES;
				CLANG_ANALYZER_NUMBER_OBJECT_CONVERSION = YES_AGGRESSIVE;
				CLANG_CXX_LANGUAGE_STANDARD = "gnu++20";
				CLANG_ENABLE_MODULES = YES;
				CLANG_ENABLE_OBJC_ARC = YES;
				CLANG_ENABLE_OBJC_WEAK = YES;
				CLANG_WARN_BLOCK_CAPTURE_AUTORELEASING = YES;
				CLANG_WARN_BOOL_CONVERSION = YES;
				CLANG_WARN_COMMA = YES;
				CLANG_WARN_CONSTANT_CONVERSION = YES;
				CLANG_WARN_DEPRECATED_OBJC_IMPLEMENTATIONS = YES;
				CLANG_WARN_DIRECT_OBJC_ISA_USAGE = YES_ERROR;
				CLANG_WARN_DOCUMENTATION_COMMENTS = YES;
				CLANG_WARN_EMPTY_BODY = YES;
				CLANG_WARN_ENUM_CONVERSION = YES;
				CLANG_WARN_INFINITE_RECURSION = YES;
				CLANG_WARN_INT_CONVERSION = YES;
				CLANG_WARN_NON_LITERAL_NULL_CONVERSION = YES;
				CLANG_WARN_OBJC_IMPLICIT_RETAIN_SELF = YES;
				CLANG_WARN_OBJC_LITERAL_CONVERSION = YES;
				CLANG_WARN_OBJC_ROOT_CLASS = YES_ERROR;
				CLANG_WARN_QUOTED_INCLUDE_IN_FRAMEWORK_HEADER = YES;
				CLANG_WARN_RANGE_LOOP_ANALYSIS = YES;
				CLANG_WARN_STRICT_PROTOTYPES = YES;
				CLANG_WARN_SUSPICIOUS_MOVE = YES;
				CLANG_WARN_UNGUARDED_AVAILABILITY = YES_AGGRESSIVE;
				CLANG_WARN_UNREACHABLE_CODE = YES;
				CLANG_WARN__DUPLICATE_METHOD_MATCH = YES;
				COPY_PHASE_STRIP = NO;
				DEBUG_INFORMATION_FORMAT = dwarf;
				ENABLE_STRICT_OBJC_MSGSEND = YES;
				ENABLE_TESTABILITY = YES;
				ENABLE_USER_SCRIPT_SANDBOXING = YES;
				GCC_C_LANGUAGE_STANDARD = gnu17;
				GCC_DYNAMIC_NO_PIC = NO;
				GCC_NO_COMMON_BLOCKS = YES;
				GCC_OPTIMIZATION_LEVEL = 0;
				GCC_PREPROCESSOR_DEFINITIONS = (
					"DEBUG=1",
					"$(inherited)",
				);
				GCC_WARN_64_TO_32_BIT_CONVERSION = YES;
				GCC_WARN_ABOUT_RETURN_TYPE = YES_ERROR;
				GCC_WARN_UNDECLARED_SELECTOR = YES;
				GCC_WARN_UNINITIALIZED_AUTOS = YES_AGGRESSIVE;
				GCC_WARN_UNUSED_FUNCTION = YES;
				GCC_WARN_UNUSED_VARIABLE = YES;
				IPHONEOS_DEPLOYMENT_TARGET = 17.0;
				LOCALIZATION_PREFERS_STRING_CATALOGS = YES;
				MTL_ENABLE_DEBUG_INFO = INCLUDE_SOURCE;
				MTL_FAST_MATH = YES;
				ONLY_ACTIVE_ARCH = YES;
				SDKROOT = iphoneos;
				SWIFT_ACTIVE_COMPILATION_CONDITIONS = "DEBUG $(inherited)";
				SWIFT_OPTIMIZATION_LEVEL = "-Onone";
			};
			name = Debug;
		};
		599478242D40E908009C2BF7 /* Release */ = {
			isa = XCBuildConfiguration;
			buildSettings = {
				ALWAYS_SEARCH_USER_PATHS = NO;
				ASSETCATALOG_COMPILER_GENERATE_SWIFT_ASSET_SYMBOL_EXTENSIONS = YES;
				CLANG_ANALYZER_NONNULL = YES;
				CLANG_ANALYZER_NUMBER_OBJECT_CONVERSION = YES_AGGRESSIVE;
				CLANG_CXX_LANGUAGE_STANDARD = "gnu++20";
				CLANG_ENABLE_MODULES = YES;
				CLANG_ENABLE_OBJC_ARC = YES;
				CLANG_ENABLE_OBJC_WEAK = YES;
				CLANG_WARN_BLOCK_CAPTURE_AUTORELEASING = YES;
				CLANG_WARN_BOOL_CONVERSION = YES;
				CLANG_WARN_COMMA = YES;
				CLANG_WARN_CONSTANT_CONVERSION = YES;
				CLANG_WARN_DEPRECATED_OBJC_IMPLEMENTATIONS = YES;
				CLANG_WARN_DIRECT_OBJC_ISA_USAGE = YES_ERROR;
				CLANG_WARN_DOCUMENTATION_COMMENTS = YES;
				CLANG_WARN_EMPTY_BODY = YES;
				CLANG_WARN_ENUM_CONVERSION = YES;
				CLANG_WARN_INFINITE_RECURSION = YES;
				CLANG_WARN_INT_CONVERSION = YES;
				CLANG_WARN_NON_LITERAL_NULL_CONVERSION = YES;
				CLANG_WARN_OBJC_IMPLICIT_RETAIN_SELF = YES;
				CLANG_WARN_OBJC_LITERAL_CONVERSION = YES;
				CLANG_WARN_OBJC_ROOT_CLASS = YES_ERROR;
				CLANG_WARN_QUOTED_INCLUDE_IN_FRAMEWORK_HEADER = YES;
				CLANG_WARN_RANGE_LOOP_ANALYSIS = YES;
				CLANG_WARN_STRICT_PROTOTYPES = YES;
				CLANG_WARN_SUSPICIOUS_MOVE = YES;
				CLANG_WARN_UNGUARDED_AVAILABILITY = YES_AGGRESSIVE;
				CLANG_WARN_UNREACHABLE_CODE = YES;
				CLANG_WARN__DUPLICATE_METHOD_MATCH = YES;
				COPY_PHASE_STRIP = NO;
				DEBUG_INFORMATION_FORMAT = "dwarf-with-dsym";
				ENABLE_NS_ASSERTIONS = NO;
				ENABLE_STRICT_OBJC_MSGSEND = YES;
				ENABLE_USER_SCRIPT_SANDBOXING = YES;
				GCC_C_LANGUAGE_STANDARD = gnu17;
				GCC_NO_COMMON_BLOCKS = YES;
				GCC_WARN_64_TO_32_BIT_CONVERSION = YES;
				GCC_WARN_ABOUT_RETURN_TYPE = YES_ERROR;
				GCC_WARN_UNDECLARED_SELECTOR = YES;
				GCC_WARN_UNINITIALIZED_AUTOS = YES_AGGRESSIVE;
				GCC_WARN_UNUSED_FUNCTION = YES;
				GCC_WARN_UNUSED_VARIABLE = YES;
				IPHONEOS_DEPLOYMENT_TARGET = 17.0;
				LOCALIZATION_PREFERS_STRING_CATALOGS = YES;
				MTL_ENABLE_DEBUG_INFO = NO;
				MTL_FAST_MATH = YES;
				SDKROOT = iphoneos;
				SWIFT_COMPILATION_MODE = wholemodule;
				VALIDATE_PRODUCT = YES;
			};
			name = Release;
		};
		599478262D40E908009C2BF7 /* Debug */ = {
			isa = XCBuildConfiguration;
			buildSettings = {
				ASSETCATALOG_COMPILER_APPICON_NAME = AppIcon;
				ASSETCATALOG_COMPILER_GLOBAL_ACCENT_COLOR_NAME = AccentColor;
				CODE_SIGN_STYLE = Automatic;
				CURRENT_PROJECT_VERSION = 1;
				DEVELOPMENT_ASSET_PATHS = "\"LFS_Demo/Preview Content\"";
				DEVELOPMENT_TEAM = 4L6Z7S9R55;
				ENABLE_PREVIEWS = YES;
				GENERATE_INFOPLIST_FILE = YES;
				INFOPLIST_KEY_UIApplicationSceneManifest_Generation = YES;
				INFOPLIST_KEY_UIApplicationSupportsIndirectInputEvents = YES;
				INFOPLIST_KEY_UILaunchScreen_Generation = YES;
				INFOPLIST_KEY_UISupportedInterfaceOrientations_iPad = "UIInterfaceOrientationPortrait UIInterfaceOrientationPortraitUpsideDown UIInterfaceOrientationLandscapeLeft UIInterfaceOrientationLandscapeRight";
				INFOPLIST_KEY_UISupportedInterfaceOrientations_iPhone = "UIInterfaceOrientationPortrait UIInterfaceOrientationLandscapeLeft UIInterfaceOrientationLandscapeRight";
				LD_RUNPATH_SEARCH_PATHS = (
					"$(inherited)",
					"@executable_path/Frameworks",
				);
				MARKETING_VERSION = 1.0;
				PRODUCT_BUNDLE_IDENTIFIER = "com.sample.LFS-Demo";
				PRODUCT_NAME = "$(TARGET_NAME)";
				SWIFT_EMIT_LOC_STRINGS = YES;
				SWIFT_VERSION = 5.0;
				TARGETED_DEVICE_FAMILY = "1,2";
			};
			name = Debug;
		};
		599478272D40E908009C2BF7 /* Release */ = {
			isa = XCBuildConfiguration;
			buildSettings = {
				ASSETCATALOG_COMPILER_APPICON_NAME = AppIcon;
				ASSETCATALOG_COMPILER_GLOBAL_ACCENT_COLOR_NAME = AccentColor;
				CODE_SIGN_STYLE = Automatic;
				CURRENT_PROJECT_VERSION = 1;
				DEVELOPMENT_ASSET_PATHS = "\"LFS_Demo/Preview Content\"";
				DEVELOPMENT_TEAM = 4L6Z7S9R55;
				ENABLE_PREVIEWS = YES;
				GENERATE_INFOPLIST_FILE = YES;
				INFOPLIST_KEY_UIApplicationSceneManifest_Generation = YES;
				INFOPLIST_KEY_UIApplicationSupportsIndirectInputEvents = YES;
				INFOPLIST_KEY_UILaunchScreen_Generation = YES;
				INFOPLIST_KEY_UISupportedInterfaceOrientations_iPad = "UIInterfaceOrientationPortrait UIInterfaceOrientationPortraitUpsideDown UIInterfaceOrientationLandscapeLeft UIInterfaceOrientationLandscapeRight";
				INFOPLIST_KEY_UISupportedInterfaceOrientations_iPhone = "UIInterfaceOrientationPortrait UIInterfaceOrientationLandscapeLeft UIInterfaceOrientationLandscapeRight";
				LD_RUNPATH_SEARCH_PATHS = (
					"$(inherited)",
					"@executable_path/Frameworks",
				);
				MARKETING_VERSION = 1.0;
				PRODUCT_BUNDLE_IDENTIFIER = "com.sample.LFS-Demo";
				PRODUCT_NAME = "$(TARGET_NAME)";
				SWIFT_EMIT_LOC_STRINGS = YES;
				SWIFT_VERSION = 5.0;
				TARGETED_DEVICE_FAMILY = "1,2";
			};
			name = Release;
		};
		599478292D40E908009C2BF7 /* Debug */ = {
			isa = XCBuildConfiguration;
			buildSettings = {
				ALWAYS_EMBED_SWIFT_STANDARD_LIBRARIES = YES;
				BUNDLE_LOADER = "$(TEST_HOST)";
				CODE_SIGN_STYLE = Automatic;
				CURRENT_PROJECT_VERSION = 1;
				DEVELOPMENT_TEAM = 4L6Z7S9R55;
				GENERATE_INFOPLIST_FILE = YES;
				IPHONEOS_DEPLOYMENT_TARGET = 17.0;
				MARKETING_VERSION = 1.0;
				PRODUCT_BUNDLE_IDENTIFIER = "com.sample.LFS-DemoTests";
				PRODUCT_NAME = "$(TARGET_NAME)";
				SWIFT_EMIT_LOC_STRINGS = NO;
				SWIFT_VERSION = 5.0;
				TARGETED_DEVICE_FAMILY = "1,2";
				TEST_HOST = "$(BUILT_PRODUCTS_DIR)/LFS_Demo.app/$(BUNDLE_EXECUTABLE_FOLDER_PATH)/LFS_Demo";
			};
			name = Debug;
		};
		5994782A2D40E908009C2BF7 /* Release */ = {
			isa = XCBuildConfiguration;
			buildSettings = {
				ALWAYS_EMBED_SWIFT_STANDARD_LIBRARIES = YES;
				BUNDLE_LOADER = "$(TEST_HOST)";
				CODE_SIGN_STYLE = Automatic;
				CURRENT_PROJECT_VERSION = 1;
				DEVELOPMENT_TEAM = 4L6Z7S9R55;
				GENERATE_INFOPLIST_FILE = YES;
				IPHONEOS_DEPLOYMENT_TARGET = 17.0;
				MARKETING_VERSION = 1.0;
				PRODUCT_BUNDLE_IDENTIFIER = "com.sample.LFS-DemoTests";
				PRODUCT_NAME = "$(TARGET_NAME)";
				SWIFT_EMIT_LOC_STRINGS = NO;
				SWIFT_VERSION = 5.0;
				TARGETED_DEVICE_FAMILY = "1,2";
				TEST_HOST = "$(BUILT_PRODUCTS_DIR)/LFS_Demo.app/$(BUNDLE_EXECUTABLE_FOLDER_PATH)/LFS_Demo";
			};
			name = Release;
		};
		5994782C2D40E908009C2BF7 /* Debug */ = {
			isa = XCBuildConfiguration;
			buildSettings = {
				ALWAYS_EMBED_SWIFT_STANDARD_LIBRARIES = YES;
				CODE_SIGN_STYLE = Automatic;
				CURRENT_PROJECT_VERSION = 1;
				DEVELOPMENT_TEAM = 4L6Z7S9R55;
				GENERATE_INFOPLIST_FILE = YES;
				MARKETING_VERSION = 1.0;
				PRODUCT_BUNDLE_IDENTIFIER = "com.sample.LFS-DemoUITests";
				PRODUCT_NAME = "$(TARGET_NAME)";
				SWIFT_EMIT_LOC_STRINGS = NO;
				SWIFT_VERSION = 5.0;
				TARGETED_DEVICE_FAMILY = "1,2";
				TEST_TARGET_NAME = LFS_Demo;
			};
			name = Debug;
		};
		5994782D2D40E908009C2BF7 /* Release */ = {
			isa = XCBuildConfiguration;
			buildSettings = {
				ALWAYS_EMBED_SWIFT_STANDARD_LIBRARIES = YES;
				CODE_SIGN_STYLE = Automatic;
				CURRENT_PROJECT_VERSION = 1;
				DEVELOPMENT_TEAM = 4L6Z7S9R55;
				GENERATE_INFOPLIST_FILE = YES;
				MARKETING_VERSION = 1.0;
				PRODUCT_BUNDLE_IDENTIFIER = "com.sample.LFS-DemoUITests";
				PRODUCT_NAME = "$(TARGET_NAME)";
				SWIFT_EMIT_LOC_STRINGS = NO;
				SWIFT_VERSION = 5.0;
				TARGETED_DEVICE_FAMILY = "1,2";
				TEST_TARGET_NAME = LFS_Demo;
			};
			name = Release;
		};
/* End XCBuildConfiguration section */

/* Begin XCConfigurationList section */
		599477FC2D40E906009C2BF7 /* Build configuration list for PBXProject "LFS_Demo" */ = {
			isa = XCConfigurationList;
			buildConfigurations = (
				599478232D40E908009C2BF7 /* Debug */,
				599478242D40E908009C2BF7 /* Release */,
			);
			defaultConfigurationIsVisible = 0;
			defaultConfigurationName = Release;
		};
		599478252D40E908009C2BF7 /* Build configuration list for PBXNativeTarget "LFS_Demo" */ = {
			isa = XCConfigurationList;
			buildConfigurations = (
				599478262D40E908009C2BF7 /* Debug */,
				599478272D40E908009C2BF7 /* Release */,
			);
			defaultConfigurationIsVisible = 0;
			defaultConfigurationName = Release;
		};
		599478282D40E908009C2BF7 /* Build configuration list for PBXNativeTarget "LFS_DemoTests" */ = {
			isa = XCConfigurationList;
			buildConfigurations = (
				599478292D40E908009C2BF7 /* Debug */,
				5994782A2D40E908009C2BF7 /* Release */,
			);
			defaultConfigurationIsVisible = 0;
			defaultConfigurationName = Release;
		};
		5994782B2D40E908009C2BF7 /* Build configuration list for PBXNativeTarget "LFS_DemoUITests" */ = {
			isa = XCConfigurationList;
			buildConfigurations = (
				5994782C2D40E908009C2BF7 /* Debug */,
				5994782D2D40E908009C2BF7 /* Release */,
			);
			defaultConfigurationIsVisible = 0;
			defaultConfigurationName = Release;
		};
/* End XCConfigurationList section */
	};
	rootObject = 599477F92D40E906009C2BF7 /* Project object */;
}
